
Microsoft Visual Studio Solution File, Format Version 12.00
# Visual Studio Version 16
VisualStudioVersion = 16.0.28803.156
MinimumVisualStudioVersion = 10.0.40219.1
Project("{FAE04EC0-301F-11D3-BF4B-00C04F79EFBC}") = "Tura", "Tura\Tura.csproj", "{8BFE4D2A-EC4C-491C-B17B-92B92C0CC993}"
EndProject
Project("{54435603-DBB4-11D2-8724-00A0C9A8B90C}") = "TuraSetup", "TuraSetup\TuraSetup.vdproj", "{DC1A6423-2F6A-4F32-B140-328BAF536D7E}"
EndProject
Global
	GlobalSection(SolutionConfigurationPlatforms) = preSolution
		Debug|Any CPU = Debug|Any CPU
		Release|Any CPU = Release|Any CPU
	EndGlobalSection
	GlobalSection(ProjectConfigurationPlatforms) = postSolution
		{8BFE4D2A-EC4C-491C-B17B-92B92C0CC993}.Debug|Any CPU.ActiveCfg = Debug|Any CPU
		{8BFE4D2A-EC4C-491C-B17B-92B92C0CC993}.Debug|Any CPU.Build.0 = Debug|Any CPU
		{8BFE4D2A-EC4C-491C-B17B-92B92C0CC993}.Release|Any CPU.ActiveCfg = Release|Any CPU
		{8BFE4D2A-EC4C-491C-B17B-92B92C0CC993}.Release|Any CPU.Build.0 = Release|Any CPU
		{DC1A6423-2F6A-4F32-B140-328BAF536D7E}.Debug|Any CPU.ActiveCfg = Debug
		{DC1A6423-2F6A-4F32-B140-328BAF536D7E}.Release|Any CPU.ActiveCfg = Release
	EndGlobalSection
	GlobalSection(SolutionProperties) = preSolution
		HideSolutionNode = FALSE
	EndGlobalSection
	GlobalSection(ExtensibilityGlobals) = postSolution
		SolutionGuid = {74AE6D03-F0C3-4821-87CD-1158A27B5D23}
	EndGlobalSection
EndGlobal
